{
  "name": "resonance",
  "version": "1.0.0",
  "lockfileVersion": 3,
  "requires": true,
  "packages": {
    "": {
      "name": "resonance",
      "version": "1.0.0",
      "dependencies": {
        "tonal": "^6.4.2"
      },
      "devDependencies": {
        "@tsconfig/recommended": "^1.0.10",
        "@types/max-api": "^2.0.3",
        "@types/node": "^24.0.7",
        "esbuild": "^0.25.5",
        "typescript": "^5.8.3"
      },
      "engines": {
        "node": ">=20.6"
      }
    },
    "node_modules/@esbuild/aix-ppc64": {
      "version": "0.25.5",
      "resolved": "https://registry.npmjs.org/@esbuild/aix-ppc64/-/aix-ppc64-0.25.5.tgz",
      "integrity": "sha512-9o3TMmpmftaCMepOdA5k/yDw8SfInyzWWTjYTFCX3kPSDJMROQTb8jg+h9Cnwnmm1vOzvxN7gIfB5V2ewpjtGA==",
      "cpu": [
        "ppc64"
      ],
      "dev": true,
      "optional": true,
      "os": [
        "aix"
      ],
      "engines": {
        "node": ">=18"
      }
    },
    "node_modules/@esbuild/android-arm": {
      "version": "0.25.5",
      "resolved": "https://registry.npmjs.org/@esbuild/android-arm/-/android-arm-0.25.5.tgz",
      "integrity": "sha512-AdJKSPeEHgi7/ZhuIPtcQKr5RQdo6OO2IL87JkianiMYMPbCtot9fxPbrMiBADOWWm3T2si9stAiVsGbTQFkbA==",
      "cpu": [
        "arm"
      ],
      "dev": true,
      "optional": true,
      "os": [
        "android"
      ],
      "engines": {
        "node": ">=18"
      }
    },
    "node_modules/@esbuild/android-arm64": {
      "version": "0.25.5",
      "resolved": "https://registry.npmjs.org/@esbuild/android-arm64/-/android-arm64-0.25.5.tgz",
      "integrity": "sha512-VGzGhj4lJO+TVGV1v8ntCZWJktV7SGCs3Pn1GRWI1SBFtRALoomm8k5E9Pmwg3HOAal2VDc2F9+PM/rEY6oIDg==",
      "cpu": [
        "arm64"
      ],
      "dev": true,
      "optional": true,
      "os": [
        "android"
      ],
      "engines": {
        "node": ">=18"
      }
    },
    "node_modules/@esbuild/android-x64": {
      "version": "0.25.5",
      "resolved": "https://registry.npmjs.org/@esbuild/android-x64/-/android-x64-0.25.5.tgz",
      "integrity": "sha512-D2GyJT1kjvO//drbRT3Hib9XPwQeWd9vZoBJn+bu/lVsOZ13cqNdDeqIF/xQ5/VmWvMduP6AmXvylO/PIc2isw==",
      "cpu": [
        "x64"
      ],
      "dev": true,
      "optional": true,
      "os": [
        "android"
      ],
      "engines": {
        "node": ">=18"
      }
    },
    "node_modules/@esbuild/darwin-arm64": {
      "version": "0.25.5",
      "resolved": "https://registry.npmjs.org/@esbuild/darwin-arm64/-/darwin-arm64-0.25.5.tgz",
      "integrity": "sha512-GtaBgammVvdF7aPIgH2jxMDdivezgFu6iKpmT+48+F8Hhg5J/sfnDieg0aeG/jfSvkYQU2/pceFPDKlqZzwnfQ==",
      "cpu": [
        "arm64"
      ],
      "dev": true,
      "optional": true,
      "os": [
        "darwin"
      ],
      "engines": {
        "node": ">=18"
      }
    },
    "node_modules/@esbuild/darwin-x64": {
      "version": "0.25.5",
      "resolved": "https://registry.npmjs.org/@esbuild/darwin-x64/-/darwin-x64-0.25.5.tgz",
      "integrity": "sha512-1iT4FVL0dJ76/q1wd7XDsXrSW+oLoquptvh4CLR4kITDtqi2e/xwXwdCVH8hVHU43wgJdsq7Gxuzcs6Iq/7bxQ==",
      "cpu": [
        "x64"
      ],
      "dev": true,
      "optional": true,
      "os": [
        "darwin"
      ],
      "engines": {
        "node": ">=18"
      }
    },
    "node_modules/@esbuild/freebsd-arm64": {
      "version": "0.25.5",
      "resolved": "https://registry.npmjs.org/@esbuild/freebsd-arm64/-/freebsd-arm64-0.25.5.tgz",
      "integrity": "sha512-nk4tGP3JThz4La38Uy/gzyXtpkPW8zSAmoUhK9xKKXdBCzKODMc2adkB2+8om9BDYugz+uGV7sLmpTYzvmz6Sw==",
      "cpu": [
        "arm64"
      ],
      "dev": true,
      "optional": true,
      "os": [
        "freebsd"
      ],
      "engines": {
        "node": ">=18"
      }
    },
    "node_modules/@esbuild/freebsd-x64": {
      "version": "0.25.5",
      "resolved": "https://registry.npmjs.org/@esbuild/freebsd-x64/-/freebsd-x64-0.25.5.tgz",
      "integrity": "sha512-PrikaNjiXdR2laW6OIjlbeuCPrPaAl0IwPIaRv+SMV8CiM8i2LqVUHFC1+8eORgWyY7yhQY+2U2fA55mBzReaw==",
      "cpu": [
        "x64"
      ],
      "dev": true,
      "optional": true,
      "os": [
        "freebsd"
      ],
      "engines": {
        "node": ">=18"
      }
    },
    "node_modules/@esbuild/linux-arm": {
      "version": "0.25.5",
      "resolved": "https://registry.npmjs.org/@esbuild/linux-arm/-/linux-arm-0.25.5.tgz",
      "integrity": "sha512-cPzojwW2okgh7ZlRpcBEtsX7WBuqbLrNXqLU89GxWbNt6uIg78ET82qifUy3W6OVww6ZWobWub5oqZOVtwolfw==",
      "cpu": [
        "arm"
      ],
      "dev": true,
      "optional": true,
      "os": [
        "linux"
      ],
      "engines": {
        "node": ">=18"
      }
    },
    "node_modules/@esbuild/linux-arm64": {
      "version": "0.25.5",
      "resolved": "https://registry.npmjs.org/@esbuild/linux-arm64/-/linux-arm64-0.25.5.tgz",
      "integrity": "sha512-Z9kfb1v6ZlGbWj8EJk9T6czVEjjq2ntSYLY2cw6pAZl4oKtfgQuS4HOq41M/BcoLPzrUbNd+R4BXFyH//nHxVg==",
      "cpu": [
        "arm64"
      ],
      "dev": true,
      "optional": true,
      "os": [
        "linux"
      ],
      "engines": {
        "node": ">=18"
      }
    },
    "node_modules/@esbuild/linux-ia32": {
      "version": "0.25.5",
      "resolved": "https://registry.npmjs.org/@esbuild/linux-ia32/-/linux-ia32-0.25.5.tgz",
      "integrity": "sha512-sQ7l00M8bSv36GLV95BVAdhJ2QsIbCuCjh/uYrWiMQSUuV+LpXwIqhgJDcvMTj+VsQmqAHL2yYaasENvJ7CDKA==",
      "cpu": [
        "ia32"
      ],
      "dev": true,
      "optional": true,
      "os": [
        "linux"
      ],
      "engines": {
        "node": ">=18"
      }
    },
    "node_modules/@esbuild/linux-loong64": {
      "version": "0.25.5",
      "resolved": "https://registry.npmjs.org/@esbuild/linux-loong64/-/linux-loong64-0.25.5.tgz",
      "integrity": "sha512-0ur7ae16hDUC4OL5iEnDb0tZHDxYmuQyhKhsPBV8f99f6Z9KQM02g33f93rNH5A30agMS46u2HP6qTdEt6Q1kg==",
      "cpu": [
        "loong64"
      ],
      "dev": true,
      "optional": true,
      "os": [
        "linux"
      ],
      "engines": {
        "node": ">=18"
      }
    },
    "node_modules/@esbuild/linux-mips64el": {
      "version": "0.25.5",
      "resolved": "https://registry.npmjs.org/@esbuild/linux-mips64el/-/linux-mips64el-0.25.5.tgz",
      "integrity": "sha512-kB/66P1OsHO5zLz0i6X0RxlQ+3cu0mkxS3TKFvkb5lin6uwZ/ttOkP3Z8lfR9mJOBk14ZwZ9182SIIWFGNmqmg==",
      "cpu": [
        "mips64el"
      ],
      "dev": true,
      "optional": true,
      "os": [
        "linux"
      ],
      "engines": {
        "node": ">=18"
      }
    },
    "node_modules/@esbuild/linux-ppc64": {
      "version": "0.25.5",
      "resolved": "https://registry.npmjs.org/@esbuild/linux-ppc64/-/linux-ppc64-0.25.5.tgz",
      "integrity": "sha512-UZCmJ7r9X2fe2D6jBmkLBMQetXPXIsZjQJCjgwpVDz+YMcS6oFR27alkgGv3Oqkv07bxdvw7fyB71/olceJhkQ==",
      "cpu": [
        "ppc64"
      ],
      "dev": true,
      "optional": true,
      "os": [
        "linux"
      ],
      "engines": {
        "node": ">=18"
      }
    },
    "node_modules/@esbuild/linux-riscv64": {
      "version": "0.25.5",
      "resolved": "https://registry.npmjs.org/@esbuild/linux-riscv64/-/linux-riscv64-0.25.5.tgz",
      "integrity": "sha512-kTxwu4mLyeOlsVIFPfQo+fQJAV9mh24xL+y+Bm6ej067sYANjyEw1dNHmvoqxJUCMnkBdKpvOn0Ahql6+4VyeA==",
      "cpu": [
        "riscv64"
      ],
      "dev": true,
      "optional": true,
      "os": [
        "linux"
      ],
      "engines": {
        "node": ">=18"
      }
    },
    "node_modules/@esbuild/linux-s390x": {
      "version": "0.25.5",
      "resolved": "https://registry.npmjs.org/@esbuild/linux-s390x/-/linux-s390x-0.25.5.tgz",
      "integrity": "sha512-K2dSKTKfmdh78uJ3NcWFiqyRrimfdinS5ErLSn3vluHNeHVnBAFWC8a4X5N+7FgVE1EjXS1QDZbpqZBjfrqMTQ==",
      "cpu": [
        "s390x"
      ],
      "dev": true,
      "optional": true,
      "os": [
        "linux"
      ],
      "engines": {
        "node": ">=18"
      }
    },
    "node_modules/@esbuild/linux-x64": {
      "version": "0.25.5",
      "resolved": "https://registry.npmjs.org/@esbuild/linux-x64/-/linux-x64-0.25.5.tgz",
      "integrity": "sha512-uhj8N2obKTE6pSZ+aMUbqq+1nXxNjZIIjCjGLfsWvVpy7gKCOL6rsY1MhRh9zLtUtAI7vpgLMK6DxjO8Qm9lJw==",
      "cpu": [
        "x64"
      ],
      "dev": true,
      "optional": true,
      "os": [
        "linux"
      ],
      "engines": {
        "node": ">=18"
      }
    },
    "node_modules/@esbuild/netbsd-arm64": {
      "version": "0.25.5",
      "resolved": "https://registry.npmjs.org/@esbuild/netbsd-arm64/-/netbsd-arm64-0.25.5.tgz",
      "integrity": "sha512-pwHtMP9viAy1oHPvgxtOv+OkduK5ugofNTVDilIzBLpoWAM16r7b/mxBvfpuQDpRQFMfuVr5aLcn4yveGvBZvw==",
      "cpu": [
        "arm64"
      ],
      "dev": true,
      "optional": true,
      "os": [
        "netbsd"
      ],
      "engines": {
        "node": ">=18"
      }
    },
    "node_modules/@esbuild/netbsd-x64": {
      "version": "0.25.5",
      "resolved": "https://registry.npmjs.org/@esbuild/netbsd-x64/-/netbsd-x64-0.25.5.tgz",
      "integrity": "sha512-WOb5fKrvVTRMfWFNCroYWWklbnXH0Q5rZppjq0vQIdlsQKuw6mdSihwSo4RV/YdQ5UCKKvBy7/0ZZYLBZKIbwQ==",
      "cpu": [
        "x64"
      ],
      "dev": true,
      "optional": true,
      "os": [
        "netbsd"
      ],
      "engines": {
        "node": ">=18"
      }
    },
    "node_modules/@esbuild/openbsd-arm64": {
      "version": "0.25.5",
      "resolved": "https://registry.npmjs.org/@esbuild/openbsd-arm64/-/openbsd-arm64-0.25.5.tgz",
      "integrity": "sha512-7A208+uQKgTxHd0G0uqZO8UjK2R0DDb4fDmERtARjSHWxqMTye4Erz4zZafx7Di9Cv+lNHYuncAkiGFySoD+Mw==",
      "cpu": [
        "arm64"
      ],
      "dev": true,
      "optional": true,
      "os": [
        "openbsd"
      ],
      "engines": {
        "node": ">=18"
      }
    },
    "node_modules/@esbuild/openbsd-x64": {
      "version": "0.25.5",
      "resolved": "https://registry.npmjs.org/@esbuild/openbsd-x64/-/openbsd-x64-0.25.5.tgz",
      "integrity": "sha512-G4hE405ErTWraiZ8UiSoesH8DaCsMm0Cay4fsFWOOUcz8b8rC6uCvnagr+gnioEjWn0wC+o1/TAHt+It+MpIMg==",
      "cpu": [
        "x64"
      ],
      "dev": true,
      "optional": true,
      "os": [
        "openbsd"
      ],
      "engines": {
        "node": ">=18"
      }
    },
    "node_modules/@esbuild/sunos-x64": {
      "version": "0.25.5",
      "resolved": "https://registry.npmjs.org/@esbuild/sunos-x64/-/sunos-x64-0.25.5.tgz",
      "integrity": "sha512-l+azKShMy7FxzY0Rj4RCt5VD/q8mG/e+mDivgspo+yL8zW7qEwctQ6YqKX34DTEleFAvCIUviCFX1SDZRSyMQA==",
      "cpu": [
        "x64"
      ],
      "dev": true,
      "optional": true,
      "os": [
        "sunos"
      ],
      "engines": {
        "node": ">=18"
      }
    },
    "node_modules/@esbuild/win32-arm64": {
      "version": "0.25.5",
      "resolved": "https://registry.npmjs.org/@esbuild/win32-arm64/-/win32-arm64-0.25.5.tgz",
      "integrity": "sha512-O2S7SNZzdcFG7eFKgvwUEZ2VG9D/sn/eIiz8XRZ1Q/DO5a3s76Xv0mdBzVM5j5R639lXQmPmSo0iRpHqUUrsxw==",
      "cpu": [
        "arm64"
      ],
      "dev": true,
      "optional": true,
      "os": [
        "win32"
      ],
      "engines": {
        "node": ">=18"
      }
    },
    "node_modules/@esbuild/win32-ia32": {
      "version": "0.25.5",
      "resolved": "https://registry.npmjs.org/@esbuild/win32-ia32/-/win32-ia32-0.25.5.tgz",
      "integrity": "sha512-onOJ02pqs9h1iMJ1PQphR+VZv8qBMQ77Klcsqv9CNW2w6yLqoURLcgERAIurY6QE63bbLuqgP9ATqajFLK5AMQ==",
      "cpu": [
        "ia32"
      ],
      "dev": true,
      "optional": true,
      "os": [
        "win32"
      ],
      "engines": {
        "node": ">=18"
      }
    },
    "node_modules/@esbuild/win32-x64": {
      "version": "0.25.5",
      "resolved": "https://registry.npmjs.org/@esbuild/win32-x64/-/win32-x64-0.25.5.tgz",
      "integrity": "sha512-TXv6YnJ8ZMVdX+SXWVBo/0p8LTcrUYngpWjvm91TMjjBQii7Oz11Lw5lbDV5Y0TzuhSJHwiH4hEtC1I42mMS0g==",
      "cpu": [
        "x64"
      ],
      "dev": true,
      "optional": true,
      "os": [
        "win32"
      ],
      "engines": {
        "node": ">=18"
      }
    },
    "node_modules/@tonaljs/abc-notation": {
      "version": "4.9.1",
      "resolved": "https://registry.npmjs.org/@tonaljs/abc-notation/-/abc-notation-4.9.1.tgz",
      "integrity": "sha512-2fDUdPsFDdgZgyIiZCTYGKy30QiwIQxSXCSN2thGrSMXbQKCp8iTC8haStYcrA+25MPWhWlmvC/pz3tGcTNAqQ==",
      "dependencies": {
        "@tonaljs/pitch-distance": "5.0.5",
        "@tonaljs/pitch-note": "6.1.0"
      }
    },
    "node_modules/@tonaljs/array": {
      "version": "4.8.4",
      "resolved": "https://registry.npmjs.org/@tonaljs/array/-/array-4.8.4.tgz",
      "integrity": "sha512-97HVdpZy82PqNBDMM9PRSbO2DUrnxNg3++N4xqLpfby70fKHAHhTWrMXWZK+Dzs76HDPQLd+qhd4cq28eBZzjw==",
      "dependencies": {
        "@tonaljs/pitch-note": "6.1.0"
      }
    },
    "node_modules/@tonaljs/chord": {
      "version": "6.1.1",
      "resolved": "https://registry.npmjs.org/@tonaljs/chord/-/chord-6.1.1.tgz",
      "integrity": "sha512-gsLyGGkOt0g5L/uF4ICpYQengahW3WAMjckyvyzvqMYpvH7fokmtcymOfbltDQzaVuYuL0TsVmbfjbah2rKEww==",
      "dependencies": {
        "@tonaljs/chord-detect": "4.9.1",
        "@tonaljs/chord-type": "5.1.1",
        "@tonaljs/collection": "4.9.0",
        "@tonaljs/interval": "^5.1.0",
        "@tonaljs/pcset": "4.10.1",
        "@tonaljs/pitch-distance": "5.0.5",
        "@tonaljs/pitch-note": "6.1.0",
        "@tonaljs/scale-type": "4.9.1"
      }
    },
    "node_modules/@tonaljs/chord-detect": {
      "version": "4.9.1",
      "resolved": "https://registry.npmjs.org/@tonaljs/chord-detect/-/chord-detect-4.9.1.tgz",
      "integrity": "sha512-rV/9+R7aZ9cQorQ3jdNMMMh63onosglYZM71Q0n7KKcWMAGrxF66MzxBG82xy+w1QDMJQslB3iHfDHUiS6wRjA==",
      "dependencies": {
        "@tonaljs/chord-type": "5.1.1",
        "@tonaljs/pcset": "4.10.1",
        "@tonaljs/pitch-note": "6.1.0"
      }
    },
    "node_modules/@tonaljs/chord-type": {
      "version": "5.1.1",
      "resolved": "https://registry.npmjs.org/@tonaljs/chord-type/-/chord-type-5.1.1.tgz",
      "integrity": "sha512-ti4WzRYvvjH7to0G3zlJFq7WsjHqmcqbk8Jv98aZSR5YumLdY/ua2yOPPyoPq82n6vfgjZsacnAZ3v8/SodOcw==",
      "dependencies": {
        "@tonaljs/pcset": "4.10.1"
      }
    },
    "node_modules/@tonaljs/collection": {
      "version": "4.9.0",
      "resolved": "https://registry.npmjs.org/@tonaljs/collection/-/collection-4.9.0.tgz",
      "integrity": "sha512-Mk0h7O54nT6PgNVcUYauzxa5KOB23+0AOKudWzRH7JhJIN9vhVIC7PtwZXE+/G051UTbHSFIcN/afkgF4nB/8A=="
    },
    "node_modules/@tonaljs/core": {
      "version": "5.0.2",
      "resolved": "https://registry.npmjs.org/@tonaljs/core/-/core-5.0.2.tgz",
      "integrity": "sha512-v/fIRsB+lz93/yJnDEWvjDX6nDJ/Pz3cb0znm/UD8qKpN9BhN+v93iIaZG5LX0J2JNS35TtgIhwKFO10j6zieQ==",
      "dependencies": {
        "@tonaljs/pitch": "5.0.2",
        "@tonaljs/pitch-distance": "5.0.5",
        "@tonaljs/pitch-interval": "6.1.0",
        "@tonaljs/pitch-note": "6.1.0"
      }
    },
    "node_modules/@tonaljs/duration-value": {
      "version": "4.9.0",
      "resolved": "https://registry.npmjs.org/@tonaljs/duration-value/-/duration-value-4.9.0.tgz",
      "integrity": "sha512-Muz54HyIe0nMYKWx6wyTa4y17ma29DtpJF4/oqJphy6A124rAVDe/SKit8JGOvDYAQj71FUXqs17sXBxO/ExVw=="
    },
    "node_modules/@tonaljs/interval": {
      "version": "5.1.0",
      "resolved": "https://registry.npmjs.org/@tonaljs/interval/-/interval-5.1.0.tgz",
      "integrity": "sha512-GR9dUjn0j7yhjwjRh8HQxZYXOiVl05WfY3AFyMB9rfg807K4dSJmWfPTULPQXyHJ6NiZOPXcwRs8MxMLDxgdbg==",
      "dependencies": {
        "@tonaljs/pitch": "^5.0.2",
        "@tonaljs/pitch-distance": "^5.0.4",
        "@tonaljs/pitch-interval": "^6.0.0"
      }
    },
    "node_modules/@tonaljs/key": {
      "version": "4.11.2",
      "resolved": "https://registry.npmjs.org/@tonaljs/key/-/key-4.11.2.tgz",
      "integrity": "sha512-fc1y5+NwS4S3amirzYLLB324PxJDO00oIBbLJclAddc46UBeYnu4FNz+1nZboHCXRQ/06/ftuaWD/l7HrAoulw==",
      "dependencies": {
        "@tonaljs/note": "4.12.1",
        "@tonaljs/pitch-note": "6.1.0",
        "@tonaljs/roman-numeral": "4.9.1"
      }
    },
    "node_modules/@tonaljs/midi": {
      "version": "4.10.2",
      "resolved": "https://registry.npmjs.org/@tonaljs/midi/-/midi-4.10.2.tgz",
      "integrity": "sha512-MPamXhEwPL7L1udLfYMm3Ft8mLYtHr62Zi2w5zYHM2P7YwIvNoiX0+dvAN5is1Wvq4iVRa8AjFHerjOW/SZhGg==",
      "dependencies": {
        "@tonaljs/pitch-note": "6.1.0"
      }
    },
    "node_modules/@tonaljs/mode": {
      "version": "4.9.1",
      "resolved": "https://registry.npmjs.org/@tonaljs/mode/-/mode-4.9.1.tgz",
      "integrity": "sha512-h+K7eOUKpyX7kMRCwCew6cV1oN0sZYD5LLeKD7zEERNd/6wvGBfGCdMZECGqzpFUmjUyCY87IOntem6EPbKVCg==",
      "dependencies": {
        "@tonaljs/collection": "4.9.0",
        "@tonaljs/interval": "5.1.0",
        "@tonaljs/pcset": "4.10.1",
        "@tonaljs/pitch-distance": "5.0.5",
        "@tonaljs/pitch-note": "6.1.0",
        "@tonaljs/scale-type": "4.9.1"
      }
    },
    "node_modules/@tonaljs/note": {
      "version": "4.12.1",
      "resolved": "https://registry.npmjs.org/@tonaljs/note/-/note-4.12.1.tgz",
      "integrity": "sha512-yh6cnhu21bUb0VuIQWxObSbWBVp2cHIkJj4zZ4qsNOW4jSqn74+wHpSbOTDF8q+2hl6upz7TtBRavtqwPtLUCQ==",
      "dependencies": {
        "@tonaljs/midi": "4.10.2",
        "@tonaljs/pitch": "5.0.2",
        "@tonaljs/pitch-distance": "5.0.5",
        "@tonaljs/pitch-interval": "6.1.0",
        "@tonaljs/pitch-note": "6.1.0"
      }
    },
    "node_modules/@tonaljs/pcset": {
      "version": "4.10.1",
      "resolved": "https://registry.npmjs.org/@tonaljs/pcset/-/pcset-4.10.1.tgz",
      "integrity": "sha512-CZG1rpKc38yMfpEJsbDTvsTmQqsek9xxcuMgK64Tr6sP1lEiDuZJbQeKVWWRnreBF2FQ1cEGLmfOpvSO+40csA==",
      "dependencies": {
        "@tonaljs/collection": "4.9.0",
        "@tonaljs/pitch": "5.0.2",
        "@tonaljs/pitch-distance": "5.0.5",
        "@tonaljs/pitch-interval": "6.1.0",
        "@tonaljs/pitch-note": "6.1.0"
      }
    },
    "node_modules/@tonaljs/pitch": {
      "version": "5.0.2",
      "resolved": "https://registry.npmjs.org/@tonaljs/pitch/-/pitch-5.0.2.tgz",
      "integrity": "sha512-mxaXJPPe+LIJdjzpZEl8I8Wx3dEvlzkBbsr2Ltwc2dTAdnErAZ5R0TxVq2egF27lMvQN2QPQPWI9iDPPdVUmrg=="
    },
    "node_modules/@tonaljs/pitch-distance": {
      "version": "5.0.5",
      "resolved": "https://registry.npmjs.org/@tonaljs/pitch-distance/-/pitch-distance-5.0.5.tgz",
      "integrity": "sha512-dTfjsU0zyrj5YmiFio5prPaD5w7sBmHp4nnmlEg70nHY+SerAH0KiO9HM9usttVgRFUaXl0Gc7OI8YMGfSFmug==",
      "dependencies": {
        "@tonaljs/pitch": "5.0.2",
        "@tonaljs/pitch-interval": "6.1.0",
        "@tonaljs/pitch-note": "6.1.0"
      }
    },
    "node_modules/@tonaljs/pitch-interval": {
      "version": "6.1.0",
      "resolved": "https://registry.npmjs.org/@tonaljs/pitch-interval/-/pitch-interval-6.1.0.tgz",
      "integrity": "sha512-9ZMxA7V4UgySnOKPIG6HECzhDb8mbiTCIdNNIzCIfz5XpjUmohku2YZpVVWMacLHgyeQicJzNoRiPel5oSAn4A==",
      "dependencies": {
        "@tonaljs/pitch": "5.0.2"
      }
    },
    "node_modules/@tonaljs/pitch-note": {
      "version": "6.1.0",
      "resolved": "https://registry.npmjs.org/@tonaljs/pitch-note/-/pitch-note-6.1.0.tgz",
      "integrity": "sha512-A4OSLo8DjM38u73862LnDmL4YInDDRBmg0fojXcvu4cyU3oOlqndyeHOra1OVoH/WW46uNIxNs1wJDZNPWL5KQ==",
      "dependencies": {
        "@tonaljs/pitch": "5.0.2"
      }
    },
    "node_modules/@tonaljs/progression": {
      "version": "4.9.1",
      "resolved": "https://registry.npmjs.org/@tonaljs/progression/-/progression-4.9.1.tgz",
      "integrity": "sha512-jHdZUNlXRmjrvbZrvjoW6syW7dO9ilhgvyouB6YuVM5lGShwTN9dsSuQYsugso9jYHkwQBgYj5SaXTTY0/0nHw==",
      "dependencies": {
        "@tonaljs/chord": "6.1.1",
        "@tonaljs/pitch-distance": "5.0.5",
        "@tonaljs/pitch-interval": "6.1.0",
        "@tonaljs/pitch-note": "6.1.0",
        "@tonaljs/roman-numeral": "4.9.1"
      }
    },
    "node_modules/@tonaljs/range": {
      "version": "4.9.2",
      "resolved": "https://registry.npmjs.org/@tonaljs/range/-/range-4.9.2.tgz",
      "integrity": "sha512-XhFbCJCrEEIVz3MNmdVp9QUyiJA6eqnNnQeNqto8AuT5BYuffHDoMkBmvvjPuV5Lh8zfF9D0aqglvqPbZ+neKQ==",
      "dependencies": {
        "@tonaljs/collection": "4.9.0",
        "@tonaljs/midi": "4.10.2"
      }
    },
    "node_modules/@tonaljs/rhythm-pattern": {
      "version": "1.0.0",
      "resolved": "https://registry.npmjs.org/@tonaljs/rhythm-pattern/-/rhythm-pattern-1.0.0.tgz",
      "integrity": "sha512-3hp4Yw49e6BTWApRNb7arJ6HiICsHRFZYijuPE+vR93lIo9+lxcOMh0OPc4DyupTN7cvFTSB70Z7B/IeEJxhCQ=="
    },
    "node_modules/@tonaljs/roman-numeral": {
      "version": "4.9.1",
      "resolved": "https://registry.npmjs.org/@tonaljs/roman-numeral/-/roman-numeral-4.9.1.tgz",
      "integrity": "sha512-dJGKBNHdPrNTE97ZDk4t6wpNmgYcpHyLkAvWkRP9I/HsDkeTFFQqNXosYIvspPWrFySlRpeqqFwcqV74MYoOag==",
      "dependencies": {
        "@tonaljs/pitch": "5.0.2",
        "@tonaljs/pitch-interval": "6.1.0",
        "@tonaljs/pitch-note": "6.1.0"
      }
    },
    "node_modules/@tonaljs/scale": {
      "version": "4.13.3",
      "resolved": "https://registry.npmjs.org/@tonaljs/scale/-/scale-4.13.3.tgz",
      "integrity": "sha512-IcPMpOm6gMQJ3A2IXZ5dN0wOhHIUonQY8abTql4BrwcVCUaItXWQfSd9t1HII+2kA6J8JCeY2BukTr6wVwAhXQ==",
      "dependencies": {
        "@tonaljs/chord-type": "5.1.1",
        "@tonaljs/collection": "4.9.0",
        "@tonaljs/note": "4.12.1",
        "@tonaljs/pcset": "4.10.1",
        "@tonaljs/pitch-distance": "5.0.5",
        "@tonaljs/pitch-note": "6.1.0",
        "@tonaljs/scale-type": "4.9.1"
      }
    },
    "node_modules/@tonaljs/scale-type": {
      "version": "4.9.1",
      "resolved": "https://registry.npmjs.org/@tonaljs/scale-type/-/scale-type-4.9.1.tgz",
      "integrity": "sha512-Nz2wThzz5NmWNx0vazX7MqNbF8kT1g5BEcbZcWjgkc67zhwosfZE0LEn7W9XcVDEws71b8CqQqDPKUEEybC9Rw==",
      "dependencies": {
        "@tonaljs/pcset": "4.10.1"
      }
    },
    "node_modules/@tonaljs/time-signature": {
      "version": "4.9.0",
      "resolved": "https://registry.npmjs.org/@tonaljs/time-signature/-/time-signature-4.9.0.tgz",
      "integrity": "sha512-zRo8CBqg/2guzTlF2vxyVIuB5gmwWQaxlknJPUSDII8CTdQ/x3a1LlNoMKkvTUnqwCihe3WrNPZ5XUfOOTthYA=="
    },
    "node_modules/@tonaljs/voice-leading": {
      "version": "5.1.2",
      "resolved": "https://registry.npmjs.org/@tonaljs/voice-leading/-/voice-leading-5.1.2.tgz",
      "integrity": "sha512-lV5hsDZC4ekhh465d2aVFFqyG9AOZvwKdxU1+dNB/P6ldefU1yHC10mKdY7FrdhVgKeGZG1MbJh8rETaKVg7vA==",
      "dependencies": {
        "@tonaljs/note": "4.12.1"
      }
    },
    "node_modules/@tonaljs/voicing": {
      "version": "5.1.2",
      "resolved": "https://registry.npmjs.org/@tonaljs/voicing/-/voicing-5.1.2.tgz",
      "integrity": "sha512-Zk/8yPV+POxXq7bk9DermlTF86AmVxzN1ZNzK+hNtHF29Zah+w0xz+rEzKhQtU4q9vuqB4iGQO0q76VcbIDMew==",
      "dependencies": {
        "@tonaljs/chord": "6.1.1",
        "@tonaljs/interval": "5.1.0",
        "@tonaljs/note": "4.12.1",
        "@tonaljs/range": "4.9.2",
        "@tonaljs/voice-leading": "5.1.2",
        "@tonaljs/voicing-dictionary": "5.1.2"
      }
    },
    "node_modules/@tonaljs/voicing-dictionary": {
      "version": "5.1.2",
      "resolved": "https://registry.npmjs.org/@tonaljs/voicing-dictionary/-/voicing-dictionary-5.1.2.tgz",
      "integrity": "sha512-Rsfz70rAXoBB3aUUgtOwaJzPVRk6icyzVzSjUonqUsWq4jWCavv0QOO6yOODQ22SzyzWMv2vFDfIYRj7f1fXNQ==",
      "dependencies": {
        "@tonaljs/chord": "6.1.1",
        "@tonaljs/note": "4.12.1",
        "@tonaljs/voice-leading": "5.1.2"
      }
    },
    "node_modules/@tsconfig/recommended": {
      "version": "1.0.10",
      "resolved": "https://registry.npmjs.org/@tsconfig/recommended/-/recommended-1.0.10.tgz",
      "integrity": "sha512-cGvydvg03lONp5Z9yaplW493Vw9/um7k588mvDkm+VFPF2PZUVPx0uswq4PFpeEySsLbQRETrDRhzh4Dmxaslw==",
      "dev": true
    },
    "node_modules/@types/max-api": {
      "version": "2.0.3",
      "resolved": "https://registry.npmjs.org/@types/max-api/-/max-api-2.0.3.tgz",
      "integrity": "sha512-AyWhpYL3O0pYazbu6JPWrce5qkSoo9dh34zig6Sim7Vd+Uv3lGdTB2fZSw8t4Zu1wQgPDrjcLOkKoefCmQsW1Q==",
      "dev": true
    },
    "node_modules/@types/node": {
      "version": "24.0.7",
      "resolved": "https://registry.npmjs.org/@types/node/-/node-24.0.7.tgz",
      "integrity": "sha512-YIEUUr4yf8q8oQoXPpSlnvKNVKDQlPMWrmOcgzoduo7kvA2UF0/BwJ/eMKFTiTtkNL17I0M6Xe2tvwFU7be6iw==",
      "dev": true,
      "dependencies": {
        "undici-types": "~7.8.0"
      }
    },
    "node_modules/esbuild": {
      "version": "0.25.5",
      "resolved": "https://registry.npmjs.org/esbuild/-/esbuild-0.25.5.tgz",
      "integrity": "sha512-P8OtKZRv/5J5hhz0cUAdu/cLuPIKXpQl1R9pZtvmHWQvrAUVd0UNIPT4IB4W3rNOqVO0rlqHmCIbSwxh/c9yUQ==",
      "dev": true,
      "hasInstallScript": true,
      "bin": {
        "esbuild": "bin/esbuild"
      },
      "engines": {
        "node": ">=18"
      },
      "optionalDependencies": {
        "@esbuild/aix-ppc64": "0.25.5",
        "@esbuild/android-arm": "0.25.5",
        "@esbuild/android-arm64": "0.25.5",
        "@esbuild/android-x64": "0.25.5",
        "@esbuild/darwin-arm64": "0.25.5",
        "@esbuild/darwin-x64": "0.25.5",
        "@esbuild/freebsd-arm64": "0.25.5",
        "@esbuild/freebsd-x64": "0.25.5",
        "@esbuild/linux-arm": "0.25.5",
        "@esbuild/linux-arm64": "0.25.5",
        "@esbuild/linux-ia32": "0.25.5",
        "@esbuild/linux-loong64": "0.25.5",
        "@esbuild/linux-mips64el": "0.25.5",
        "@esbuild/linux-ppc64": "0.25.5",
        "@esbuild/linux-riscv64": "0.25.5",
        "@esbuild/linux-s390x": "0.25.5",
        "@esbuild/linux-x64": "0.25.5",
        "@esbuild/netbsd-arm64": "0.25.5",
        "@esbuild/netbsd-x64": "0.25.5",
        "@esbuild/openbsd-arm64": "0.25.5",
        "@esbuild/openbsd-x64": "0.25.5",
        "@esbuild/sunos-x64": "0.25.5",
        "@esbuild/win32-arm64": "0.25.5",
        "@esbuild/win32-ia32": "0.25.5",
        "@esbuild/win32-x64": "0.25.5"
      }
    },
    "node_modules/tonal": {
      "version": "6.4.2",
      "resolved": "https://registry.npmjs.org/tonal/-/tonal-6.4.2.tgz",
      "integrity": "sha512-3o2ZQCZk8SsiaGGD+XQ7ntyL/06gwN4v7kbFhfkXOUPGGDMX3qEhOckWSf7SRm8nvyOGywxHlP30zO+1Y4SWgg==",
      "dependencies": {
        "@tonaljs/abc-notation": "4.9.1",
        "@tonaljs/array": "4.8.4",
        "@tonaljs/chord": "6.1.1",
        "@tonaljs/chord-type": "5.1.1",
        "@tonaljs/collection": "4.9.0",
        "@tonaljs/core": "5.0.2",
        "@tonaljs/duration-value": "4.9.0",
        "@tonaljs/interval": "5.1.0",
        "@tonaljs/key": "4.11.2",
        "@tonaljs/midi": "4.10.2",
        "@tonaljs/mode": "4.9.1",
        "@tonaljs/note": "4.12.1",
        "@tonaljs/pcset": "4.10.1",
        "@tonaljs/progression": "4.9.1",
        "@tonaljs/range": "4.9.2",
        "@tonaljs/rhythm-pattern": "1.0.0",
        "@tonaljs/roman-numeral": "4.9.1",
        "@tonaljs/scale": "4.13.3",
        "@tonaljs/scale-type": "4.9.1",
        "@tonaljs/time-signature": "4.9.0",
        "@tonaljs/voice-leading": "5.1.2",
        "@tonaljs/voicing": "5.1.2",
        "@tonaljs/voicing-dictionary": "5.1.2"
      }
    },
    "node_modules/typescript": {
      "version": "5.8.3",
      "resolved": "https://registry.npmjs.org/typescript/-/typescript-5.8.3.tgz",
      "integrity": "sha512-p1diW6TqL9L07nNxvRMM7hMMw4c5XOo/1ibL4aAIGmSAt9slTE1Xgw5KWuof2uTOvCg9BY7ZRi+GaF+7sfgPeQ==",
      "dev": true,
      "bin": {
        "tsc": "bin/tsc",
        "tsserver": "bin/tsserver"
      },
      "engines": {
        "node": ">=14.17"
      }
    },
    "node_modules/undici-types": {
      "version": "7.8.0",
      "resolved": "https://registry.npmjs.org/undici-types/-/undici-types-7.8.0.tgz",
      "integrity": "sha512-9UJ2xGDvQ43tYyVMpuHlsgApydB8ZKfVYTsLDhXkFL/6gfkp+U8xTGdh8pMJv1SpZna0zxG1DwsKZsreLbXBxw==",
      "dev": true
    }
  }
}
